
Microsoft Visual Studio Solution File, Format Version 12.00
# Visual Studio 14
VisualStudioVersion = 14.0.23107.0
MinimumVisualStudioVersion = 10.0.40219.1
Project("{FAE04EC0-301F-11D3-BF4B-00C04F79EFBC}") = "03_Count_String", "03_Count_String\03_Count_String.csproj", "{9855F502-7B70-4679-A7CC-52BE8DFFAE15}"
EndProject
Global
	GlobalSection(SolutionConfigurationPlatforms) = preSolution
		Debug|Any CPU = Debug|Any CPU
		Release|Any CPU = Release|Any CPU
	EndGlobalSection
	GlobalSection(ProjectConfigurationPlatforms) = postSolution
		{9855F502-7B70-4679-A7CC-52BE8DFFAE15}.Debug|Any CPU.ActiveCfg = Debug|Any CPU
		{9855F502-7B70-4679-A7CC-52BE8DFFAE15}.Debug|Any CPU.Build.0 = Debug|Any CPU
		{9855F502-7B70-4679-A7CC-52BE8DFFAE15}.Release|Any CPU.ActiveCfg = Release|Any CPU
		{9855F502-7B70-4679-A7CC-52BE8DFFAE15}.Release|Any CPU.Build.0 = Release|Any CPU
	EndGlobalSection
	GlobalSection(SolutionProperties) = preSolution
		HideSolutionNode = FALSE
	EndGlobalSection
EndGlobal
